{
  "name": "ufhome",
  "version": "1.0.0",
  "lockfileVersion": 1,
  "dependencies": {
    "load-script": {
      "version": "1.0.0",
      "resolved": "http://registry.npm.taobao.org/load-script/download/load-script-1.0.0.tgz",
      "integrity": "sha1-BJGTngvuVkPuSUp+PaPSuscMbKQ="
    },
    "wc-swiper": {
      "version": "1.3.9",
      "resolved": "http://registry.npm.taobao.org/wc-swiper/download/wc-swiper-1.3.9.tgz",
      "integrity": "sha1-jZ/vXeErD4buySh+78Y8hUGyIrs="
    }
  }
}
